
Microsoft Visual Studio Solution File, Format Version 12.00
# Visual Studio 15
VisualStudioVersion = 15.0.27703.2018
MinimumVisualStudioVersion = 10.0.40219.1
Project("{9A19103F-16F7-4668-BE54-9A1E7A4F7556}") = "HXIM.File", "HXIM.File\HXIM.File.csproj", "{8109647F-E6B7-4550-9EF6-1888C250D37B}"
EndProject
Project("{9A19103F-16F7-4668-BE54-9A1E7A4F7556}") = "HXIM.File.Tests", "HXIM.File.Tests\HXIM.File.Tests.csproj", "{9E559944-3A17-423D-9F3A-1D4108D3B8A6}"
EndProject
Project("{FAE04EC0-301F-11D3-BF4B-00C04F79EFBC}") = "HXIM.File.Event", "HXIM.File.Event\HXIM.File.Event.csproj", "{8B5651CB-B0A8-48EF-B0D1-FAF9F5E56851}"
EndProject
Project("{FAE04EC0-301F-11D3-BF4B-00C04F79EFBC}") = "HXIM.File.Model", "HXIM.File.Model\HXIM.File.Model.csproj", "{11FA9F91-3832-4108-AFA3-8F54534197F2}"
EndProject
Project("{FAE04EC0-301F-11D3-BF4B-00C04F79EFBC}") = "HXIM.File.AWSS3", "HXIM.File.AWSS3\HXIM.File.AWSS3.csproj", "{1A2C9F76-91D9-42AD-92F9-1321DD91C493}"
EndProject
Global
	GlobalSection(SolutionConfigurationPlatforms) = preSolution
		Debug|Any CPU = Debug|Any CPU
		Release|Any CPU = Release|Any CPU
	EndGlobalSection
	GlobalSection(ProjectConfigurationPlatforms) = postSolution
		{8109647F-E6B7-4550-9EF6-1888C250D37B}.Debug|Any CPU.ActiveCfg = Debug|Any CPU
		{8109647F-E6B7-4550-9EF6-1888C250D37B}.Debug|Any CPU.Build.0 = Debug|Any CPU
		{8109647F-E6B7-4550-9EF6-1888C250D37B}.Release|Any CPU.ActiveCfg = Release|Any CPU
		{8109647F-E6B7-4550-9EF6-1888C250D37B}.Release|Any CPU.Build.0 = Release|Any CPU
		{9E559944-3A17-423D-9F3A-1D4108D3B8A6}.Debug|Any CPU.ActiveCfg = Debug|Any CPU
		{9E559944-3A17-423D-9F3A-1D4108D3B8A6}.Debug|Any CPU.Build.0 = Debug|Any CPU
		{9E559944-3A17-423D-9F3A-1D4108D3B8A6}.Release|Any CPU.ActiveCfg = Release|Any CPU
		{9E559944-3A17-423D-9F3A-1D4108D3B8A6}.Release|Any CPU.Build.0 = Release|Any CPU
		{8B5651CB-B0A8-48EF-B0D1-FAF9F5E56851}.Debug|Any CPU.ActiveCfg = Debug|Any CPU
		{8B5651CB-B0A8-48EF-B0D1-FAF9F5E56851}.Debug|Any CPU.Build.0 = Debug|Any CPU
		{8B5651CB-B0A8-48EF-B0D1-FAF9F5E56851}.Release|Any CPU.ActiveCfg = Release|Any CPU
		{8B5651CB-B0A8-48EF-B0D1-FAF9F5E56851}.Release|Any CPU.Build.0 = Release|Any CPU
		{11FA9F91-3832-4108-AFA3-8F54534197F2}.Debug|Any CPU.ActiveCfg = Debug|Any CPU
		{11FA9F91-3832-4108-AFA3-8F54534197F2}.Debug|Any CPU.Build.0 = Debug|Any CPU
		{11FA9F91-3832-4108-AFA3-8F54534197F2}.Release|Any CPU.ActiveCfg = Release|Any CPU
		{11FA9F91-3832-4108-AFA3-8F54534197F2}.Release|Any CPU.Build.0 = Release|Any CPU
		{1A2C9F76-91D9-42AD-92F9-1321DD91C493}.Debug|Any CPU.ActiveCfg = Debug|Any CPU
		{1A2C9F76-91D9-42AD-92F9-1321DD91C493}.Debug|Any CPU.Build.0 = Debug|Any CPU
		{1A2C9F76-91D9-42AD-92F9-1321DD91C493}.Release|Any CPU.ActiveCfg = Release|Any CPU
		{1A2C9F76-91D9-42AD-92F9-1321DD91C493}.Release|Any CPU.Build.0 = Release|Any CPU
	EndGlobalSection
	GlobalSection(SolutionProperties) = preSolution
		HideSolutionNode = FALSE
	EndGlobalSection
	GlobalSection(ExtensibilityGlobals) = postSolution
		SolutionGuid = {C75CF69C-3672-401F-99F4-BA871D6FCC29}
	EndGlobalSection
EndGlobal
